{
  "name": "rbx-resources",
  "version": "0.0.12",
  "lockfileVersion": 1,
  "requires": true,
  "dependencies": {
    "rbx-new": {
      "version": "1.0.1",
      "resolved": "https://registry.npmjs.org/rbx-new/-/rbx-new-1.0.1.tgz",
      "integrity": "sha512-ad63j61R3vLPLwLLi9jGop3hUbSSkJpVk5zvbDofAMZBsLSz7280gTRoB9aM9y9HADzHCpQjizkSMj3K/4c2aA=="
    },
    "rbx-services": {
      "version": "1.0.15",
      "resolved": "https://registry.npmjs.org/rbx-services/-/rbx-services-1.0.15.tgz",
      "integrity": "sha512-eNa3pb4j85RTv78eS/+vblEgthzYkzZkzSB+upOoY8FylyMsy62M1Ww+5Dvi47Rj5l1OeM7oxQ2ocRncdI4aFA=="
    },
    "rbx-types": {
      "version": "1.0.117",
      "resolved": "https://registry.npmjs.org/rbx-types/-/rbx-types-1.0.117.tgz",
      "integrity": "sha512-BNvVsq3X7vlQvftg9k3HoL0hf2GzwXZDKUU3GdUaKEZ2Wf5ruNyuSKx2Bvds5qFYT6cNLRFXeUN0RjskK5PhZA==",
      "dev": true
    }
  }
}
