{
  "name": "@rbxts/resources",
  "version": "0.0.18",
  "lockfileVersion": 1,
  "requires": true,
  "dependencies": {
    "@rbxts/new": {
      "version": "1.0.1",
      "resolved": "https://registry.npmjs.org/@rbxts/new/-/new-1.0.1.tgz",
      "integrity": "sha512-GPxjIvy6V45HmyxNcitsNspPSKBdiTMRw7rtUpgkPxldkC6KUVpd8CHcGR8FoOYFkQPlYgDxjSx3yekqbNO+jA=="
    },
    "@rbxts/services": {
      "version": "1.0.22",
      "resolved": "https://registry.npmjs.org/@rbxts/services/-/services-1.0.22.tgz",
      "integrity": "sha512-x8jgyjOykmUs7K/wOrnvbN5fVKbBujqDGtfNqG6//N5OyDDLmznV/hulHn4+DmrCLN3YoqDXFwqo0xV064vq4A=="
    },
    "@rbxts/types": {
      "version": "1.0.249",
      "resolved": "https://registry.npmjs.org/@rbxts/types/-/types-1.0.249.tgz",
      "integrity": "sha512-9gzhYLSXsUqfwa9h/mC9doc9CfEKQaXyJpKSnPzbDX7XTfR3tPOMKLjqIbWF82v5Kq7uyWmf2bSj/ZovXu/bXg==",
      "dev": true
    },
    "rbx-new": {
      "version": "1.0.1",
      "resolved": "https://registry.npmjs.org/rbx-new/-/rbx-new-1.0.1.tgz",
      "integrity": "sha512-ad63j61R3vLPLwLLi9jGop3hUbSSkJpVk5zvbDofAMZBsLSz7280gTRoB9aM9y9HADzHCpQjizkSMj3K/4c2aA=="
    }
  }
}
