{
  "name": "rbx-resources",
  "version": "0.0.13",
  "lockfileVersion": 1,
  "requires": true,
  "dependencies": {
    "rbx-new": {
      "version": "1.0.1",
      "resolved": "https://registry.npmjs.org/rbx-new/-/rbx-new-1.0.1.tgz",
      "integrity": "sha512-ad63j61R3vLPLwLLi9jGop3hUbSSkJpVk5zvbDofAMZBsLSz7280gTRoB9aM9y9HADzHCpQjizkSMj3K/4c2aA=="
    },
    "rbx-services": {
      "version": "1.0.20",
      "resolved": "https://registry.npmjs.org/rbx-services/-/rbx-services-1.0.20.tgz",
      "integrity": "sha512-6Bg+jZ103UbZgXhftUVGjHki1Sl8QpG3srpk4cKbTh/+mXgpR48mDfrGOF1Kb1BJ/peM8T61XKcIF8uJoNGs7Q=="
    },
    "rbx-types": {
      "version": "1.0.117",
      "resolved": "https://registry.npmjs.org/rbx-types/-/rbx-types-1.0.117.tgz",
      "integrity": "sha512-BNvVsq3X7vlQvftg9k3HoL0hf2GzwXZDKUU3GdUaKEZ2Wf5ruNyuSKx2Bvds5qFYT6cNLRFXeUN0RjskK5PhZA==",
      "dev": true
    }
  }
}
